
Microsoft Visual Studio Solution File, Format Version 12.00
# Visual Studio Version 17
VisualStudioVersion = 17.2.32516.85
MinimumVisualStudioVersion = 10.0.40219.1
Project("{FAE04EC0-301F-11D3-BF4B-00C04F79EFBC}") = "ToolTray", "ToolTray.csproj", "{1521478A-3558-4A24-949C-F46E6A251E7C}"
EndProject
Global
	GlobalSection(SolutionConfigurationPlatforms) = preSolution
		Debug|Any CPU = Debug|Any CPU
		Release|Any CPU = Release|Any CPU
	EndGlobalSection
	GlobalSection(ProjectConfigurationPlatforms) = postSolution
		{1521478A-3558-4A24-949C-F46E6A251E7C}.Debug|Any CPU.ActiveCfg = Debug|Any CPU
		{1521478A-3558-4A24-949C-F46E6A251E7C}.Debug|Any CPU.Build.0 = Debug|Any CPU
		{1521478A-3558-4A24-949C-F46E6A251E7C}.Release|Any CPU.ActiveCfg = Release|Any CPU
		{1521478A-3558-4A24-949C-F46E6A251E7C}.Release|Any CPU.Build.0 = Release|Any CPU
	EndGlobalSection
	GlobalSection(SolutionProperties) = preSolution
		HideSolutionNode = FALSE
	EndGlobalSection
	GlobalSection(ExtensibilityGlobals) = postSolution
		SolutionGuid = {00924137-6291-4E25-822C-B8DFADBF659B}
	EndGlobalSection
EndGlobal
